# This file is automatically @generated by Poetry 1.7.1 and should not be changed by hand.

[[package]]
name = "click"
version = "8.1.7"
description = "Composable command line interface toolkit"
optional = false
python-versions = ">=3.7"
files = [
    {file = "click-8.1.7-py3-none-any.whl", hash = "sha256:ae74fb96c20a0277a1d615f1e4d73c8414f5a98db8b799a7931d1582f3390c28"},
    {file = "click-8.1.7.tar.gz", hash = "sha256:ca9853ad459e787e2192211578cc907e7594e294c7ccc834310722b41b9ca6de"},
]

[package.dependencies]
colorama = {version = "*", markers = "platform_system == \"Windows\""}

[[package]]
name = "colorama"
version = "0.4.6"
description = "Cross-platform colored terminal text."
optional = false
python-versions = "!=3.0.*,!=3.1.*,!=3.2.*,!=3.3.*,!=3.4.*,!=3.5.*,!=3.6.*,>=2.7"
files = [
    {file = "colorama-0.4.6-py2.py3-none-any.whl", hash = "sha256:4f1d9991f5acc0ca119f9d443620b77f9d6b33703e51011c16baf57afb285fc6"},
    {file = "colorama-0.4.6.tar.gz", hash = "sha256:08695f5cb7ed6e0531a20572697297273c47b8cae5a63ffc6d6ed5c201be6e44"},
]

[[package]]
name = "configshell-fb"
version = "1.1.30"
description = "A framework to implement simple but nice CLIs."
optional = false
python-versions = "*"
files = [
    {file = "configshell-fb-1.1.30.tar.gz", hash = "sha256:41f6b7eaa7c9ff422acdc910762fd39ef3333a365918463fef8b398d857170fe"},
]

[package.dependencies]
pyparsing = ">=2.0.2"
six = "*"
urwid = "*"

[[package]]
name = "pyparsing"
version = "3.1.1"
description = "pyparsing module - Classes and methods to define and execute parsing grammars"
optional = false
python-versions = ">=3.6.8"
files = [
    {file = "pyparsing-3.1.1-py3-none-any.whl", hash = "sha256:32c7c0b711493c72ff18a981d24f28aaf9c1fb7ed5e9667c9e84e3db623bdbfb"},
    {file = "pyparsing-3.1.1.tar.gz", hash = "sha256:ede28a1a32462f5a9705e07aea48001a08f7cf81a021585011deba701581a0db"},
]

[package.extras]
diagrams = ["jinja2", "railroad-diagrams"]

[[package]]
name = "pyudev"
version = "0.24.1"
description = "A libudev binding"
optional = false
python-versions = ">=3.7"
files = [
    {file = "pyudev-0.24.1-py3-none-any.whl", hash = "sha256:da7e977be15fb5eccf8797b8e2176cd5b4f39288707cdcb39d1cabe7c8793e2b"},
    {file = "pyudev-0.24.1.tar.gz", hash = "sha256:75e54d37218f5ac45b0da1f0fd9cc5e526a3cac3ef1cfad410cf7ab338b01471"},
]

[[package]]
name = "rtslib-fb"
version = "2.1.76"
description = "API for Linux kernel SCSI target (aka LIO)"
optional = false
python-versions = "*"
files = [
    {file = "rtslib-fb-2.1.76.tar.gz", hash = "sha256:4bdce0e0cb18b559e891570cdec872c231d4e5ea45d0cd76faa6d3088a8f538d"},
]

[package.dependencies]
pyudev = ">=0.16.1"
six = "*"

[[package]]
name = "six"
version = "1.16.0"
description = "Python 2 and 3 compatibility utilities"
optional = false
python-versions = ">=2.7, !=3.0.*, !=3.1.*, !=3.2.*"
files = [
    {file = "six-1.16.0-py2.py3-none-any.whl", hash = "sha256:8abb2f1d86890a2dfb989f9a77cfcfd3e47c2a354b01111771326f8aa26e0254"},
    {file = "six-1.16.0.tar.gz", hash = "sha256:1e61c37477a1626458e36f7b1d82aa5c9b094fa4802892072e49de9c60c4c926"},
]

[[package]]
name = "targetcli-fb"
version = "2.1.51.1"
description = "An administration shell for RTS storage targets."
optional = false
python-versions = "*"
files = [
    {file = "targetcli-fb-2.1.51.1.tar.gz", hash = "sha256:f130cdae47e24037a6ed2fbf3c3950d60a2cf9dfe6ce4b423dfa8400f86cb2e8"},
]

[[package]]
name = "typer"
version = "0.9.0"
description = "Typer, build great CLIs. Easy to code. Based on Python type hints."
optional = false
python-versions = ">=3.6"
files = [
    {file = "typer-0.9.0-py3-none-any.whl", hash = "sha256:5d96d986a21493606a358cae4461bd8cdf83cbf33a5aa950ae629ca3b51467ee"},
    {file = "typer-0.9.0.tar.gz", hash = "sha256:50922fd79aea2f4751a8e0408ff10d2662bd0c8bbfa84755a699f3bada2978b2"},
]

[package.dependencies]
click = ">=7.1.1,<9.0.0"
typing-extensions = ">=3.7.4.3"

[package.extras]
all = ["colorama (>=0.4.3,<0.5.0)", "rich (>=10.11.0,<14.0.0)", "shellingham (>=1.3.0,<2.0.0)"]
dev = ["autoflake (>=1.3.1,<2.0.0)", "flake8 (>=3.8.3,<4.0.0)", "pre-commit (>=2.17.0,<3.0.0)"]
doc = ["cairosvg (>=2.5.2,<3.0.0)", "mdx-include (>=1.4.1,<2.0.0)", "mkdocs (>=1.1.2,<2.0.0)", "mkdocs-material (>=8.1.4,<9.0.0)", "pillow (>=9.3.0,<10.0.0)"]
test = ["black (>=22.3.0,<23.0.0)", "coverage (>=6.2,<7.0)", "isort (>=5.0.6,<6.0.0)", "mypy (==0.910)", "pytest (>=4.4.0,<8.0.0)", "pytest-cov (>=2.10.0,<5.0.0)", "pytest-sugar (>=0.9.4,<0.10.0)", "pytest-xdist (>=1.32.0,<4.0.0)", "rich (>=10.11.0,<14.0.0)", "shellingham (>=1.3.0,<2.0.0)"]

[[package]]
name = "typing-extensions"
version = "4.9.0"
description = "Backported and Experimental Type Hints for Python 3.8+"
optional = false
python-versions = ">=3.8"
files = [
    {file = "typing_extensions-4.9.0-py3-none-any.whl", hash = "sha256:af72aea155e91adfc61c3ae9e0e342dbc0cba726d6cba4b6c72c1f34e47291cd"},
    {file = "typing_extensions-4.9.0.tar.gz", hash = "sha256:23478f88c37f27d76ac8aee6c905017a143b0b1b886c3c9f66bc2fd94f9f5783"},
]

[[package]]
name = "urwid"
version = "2.5.3"
description = "A full-featured console (xterm et al.) user interface library"
optional = false
python-versions = ">=3.7.0"
files = [
    {file = "urwid-2.5.3-cp310-cp310-macosx_10_9_universal2.whl", hash = "sha256:2ab1813e477aef9ef0c7c2917e9fd7a7c690d4f6da2ab154788cdcf31d970145"},
    {file = "urwid-2.5.3-cp310-cp310-macosx_10_9_x86_64.whl", hash = "sha256:49c5eec56d259b659e262561001d632c4868193596f2782ecd8ef5b04ba2da11"},
    {file = "urwid-2.5.3-cp310-cp310-macosx_11_0_arm64.whl", hash = "sha256:5f3f47ab43293bb2eacdf261f1fed18d6db1af7b8a8258877c5139c7843e03a4"},
    {file = "urwid-2.5.3-cp310-cp310-manylinux_2_17_aarch64.manylinux2014_aarch64.whl", hash = "sha256:b57c0e7c000b36794eeac5bba2f9b33cb2ccda7713809d5671a48d6a2f5186d3"},
    {file = "urwid-2.5.3-cp310-cp310-manylinux_2_5_i686.manylinux1_i686.manylinux_2_17_i686.manylinux2014_i686.whl", hash = "sha256:68c8a4281e25455656ecf6014a329256e8e1d87498d16286a7429dc80c005881"},
    {file = "urwid-2.5.3-cp310-cp310-manylinux_2_5_x86_64.manylinux1_x86_64.manylinux_2_17_x86_64.manylinux2014_x86_64.whl", hash = "sha256:a8092643af7b3a8e3af9f1d47d39320d3a6273aa477fbba7afa9e5de9d0a3efa"},
    {file = "urwid-2.5.3-cp310-cp310-win32.whl", hash = "sha256:a965a7726cb6afe4737794602a4fce7c74e559f14d903c09159406bf7f20fcf6"},
    {file = "urwid-2.5.3-cp310-cp310-win_amd64.whl", hash = "sha256:5d8e6b2a96b56b09722d61010f3b41dd5dd23d03f45fb2c6b7443875e138d1e1"},
    {file = "urwid-2.5.3-cp311-cp311-macosx_10_9_universal2.whl", hash = "sha256:64fcd03fbfb63001ee0d7741fefadbc792c8008c44fac930f6b5e88ed72c1634"},
    {file = "urwid-2.5.3-cp311-cp311-macosx_10_9_x86_64.whl", hash = "sha256:2d4f3119b1e42b98c8f61dfec702f9131481c00f7026862c08ccd7f6d6c7ee56"},
    {file = "urwid-2.5.3-cp311-cp311-macosx_11_0_arm64.whl", hash = "sha256:56a82af8ac7a7e503df4c804a66ac880e646ddb79100578ee45b0258599f498c"},
    {file = "urwid-2.5.3-cp311-cp311-manylinux_2_17_aarch64.manylinux2014_aarch64.whl", hash = "sha256:b9624f8eb9f53338ab03013d4f3811ba28e28fdaf76c495a15568ad13fbc3c98"},
    {file = "urwid-2.5.3-cp311-cp311-manylinux_2_5_i686.manylinux1_i686.manylinux_2_17_i686.manylinux2014_i686.whl", hash = "sha256:a4f946b5594d9ec9bddea62362e682d26ea7ca13310cfbaba0aa7683904ce64a"},
    {file = "urwid-2.5.3-cp311-cp311-manylinux_2_5_x86_64.manylinux1_x86_64.manylinux_2_17_x86_64.manylinux2014_x86_64.whl", hash = "sha256:f86b7c7a22d9f26306afa9f2a5e53cf7c48ee78e80baa325a58bdfa4eea99335"},
    {file = "urwid-2.5.3-cp311-cp311-win32.whl", hash = "sha256:d9b0392b006ed0bc1da1198743c896b1b0cb1beaeecb479c4f4e7cc62f60e2d5"},
    {file = "urwid-2.5.3-cp311-cp311-win_amd64.whl", hash = "sha256:de57eafdc0f49dbfa0b120bc6ff2f19777b0ea8263ff867a90ce940b78153c61"},
    {file = "urwid-2.5.3-cp312-cp312-macosx_10_9_universal2.whl", hash = "sha256:73184b96f7741bdbf83ba2084060db2896305bd153e4f99f47c92936b609c75f"},
    {file = "urwid-2.5.3-cp312-cp312-macosx_10_9_x86_64.whl", hash = "sha256:f8684a12b32cce6404befd80259b138eab3bef366d890f424748b2b26d0528f7"},
    {file = "urwid-2.5.3-cp312-cp312-macosx_11_0_arm64.whl", hash = "sha256:c5aa5ba9a094b511ab1b9e4f8ef5715fef02e1428635d0def06006c9dd7c82f9"},
    {file = "urwid-2.5.3-cp312-cp312-manylinux_2_17_aarch64.manylinux2014_aarch64.whl", hash = "sha256:fcc1d96f55a69b4ef62e48a426a87a01795066d39f56e470ce6b6b3d70cbedea"},
    {file = "urwid-2.5.3-cp312-cp312-manylinux_2_5_i686.manylinux1_i686.manylinux_2_17_i686.manylinux2014_i686.whl", hash = "sha256:24f601ed91ade711e2bf33e77de7c3289864c04e89d53a4a02b4942367ff93de"},
    {file = "urwid-2.5.3-cp312-cp312-manylinux_2_5_x86_64.manylinux1_x86_64.manylinux_2_17_x86_64.manylinux2014_x86_64.whl", hash = "sha256:2d480e470daf9cb9ba52f43a44eaabaf58fa3955f5899b0c991761310c1ba9e4"},
    {file = "urwid-2.5.3-cp312-cp312-win32.whl", hash = "sha256:4ed24d2408e38188e7515f248dccdc6cb3b24a2756679c14a5ea24636ee6f443"},
    {file = "urwid-2.5.3-cp312-cp312-win_amd64.whl", hash = "sha256:5928cda8b8e0b4c52b41b3776d51a086ba5cb21574db70864d7ff428650f666f"},
    {file = "urwid-2.5.3-cp37-cp37m-macosx_10_9_x86_64.whl", hash = "sha256:933a06a28c062f7342c25c6795a1d64e7c5261403263bb9d6d2a699436a09d4f"},
    {file = "urwid-2.5.3-cp37-cp37m-manylinux_2_17_aarch64.manylinux2014_aarch64.whl", hash = "sha256:4e35139ee65dc7933b353d53dc0a217918246538362e6c7f75ece8fdcc717cff"},
    {file = "urwid-2.5.3-cp37-cp37m-manylinux_2_5_i686.manylinux1_i686.manylinux_2_17_i686.manylinux2014_i686.whl", hash = "sha256:3a7d28111543f8f826a08697a96aa90d6d27633ad1f39c304b3a9ffe4b1460c7"},
    {file = "urwid-2.5.3-cp37-cp37m-manylinux_2_5_x86_64.manylinux1_x86_64.manylinux_2_17_x86_64.manylinux2014_x86_64.whl", hash = "sha256:bcb30c7da0173c12fb5e3eaf2a9e07961fc8044975f3c8d5aab53b2f21ab2ebf"},
    {file = "urwid-2.5.3-cp37-cp37m-win32.whl", hash = "sha256:a72a1b49e4cd22c95cb3b74c6275af26f99e4836e2d4214454bc8e35b28b277e"},
    {file = "urwid-2.5.3-cp37-cp37m-win_amd64.whl", hash = "sha256:cd1f928e44fffb9f91aaeb1e74156d89ff2e269998f1fee538190f19b6c7d0cb"},
    {file = "urwid-2.5.3-cp38-cp38-macosx_10_9_universal2.whl", hash = "sha256:3fbfb02955e45c72ab7449d52b33031349783667d72ef026f3aacef45372b9db"},
    {file = "urwid-2.5.3-cp38-cp38-macosx_10_9_x86_64.whl", hash = "sha256:1db9831020eee2830e1341c785ac5d1d83467992797ee81109d464987f168cd7"},
    {file = "urwid-2.5.3-cp38-cp38-macosx_11_0_arm64.whl", hash = "sha256:86bd9c5d2f3f5531897ba561e03febe96e94f66a1ee3bc93f6614e6d06c1199d"},
    {file = "urwid-2.5.3-cp38-cp38-manylinux_2_17_aarch64.manylinux2014_aarch64.whl", hash = "sha256:aeceab8cebf1ea615322acced9bcb7627512685df8bc05593dcf42ae05bcd474"},
    {file = "urwid-2.5.3-cp38-cp38-manylinux_2_5_i686.manylinux1_i686.manylinux_2_17_i686.manylinux2014_i686.whl", hash = "sha256:e3a801f3ac8850906f7e14548a2a8c35435b756d7cac2673c9bdeed7c4309022"},
    {file = "urwid-2.5.3-cp38-cp38-manylinux_2_5_x86_64.manylinux1_x86_64.manylinux_2_17_x86_64.manylinux2014_x86_64.whl", hash = "sha256:c6912630dddab52032a965f404489f116bc6c94fb35fb56e3853b91622523663"},
    {file = "urwid-2.5.3-cp38-cp38-win32.whl", hash = "sha256:18e1aff6ae0e1a777054286a328956f6bdef9d2831d65fb95bec9ba6d427b3f7"},
    {file = "urwid-2.5.3-cp38-cp38-win_amd64.whl", hash = "sha256:31fbdea9ea2e04afa3086e868d7c98cad2727c33af463af5bb382e327f96a2c5"},
    {file = "urwid-2.5.3-cp39-cp39-macosx_10_9_universal2.whl", hash = "sha256:b5ce74b915ebf68e63c7c971f4162460346bed668ad3d3bc8d22393f891a778f"},
    {file = "urwid-2.5.3-cp39-cp39-macosx_10_9_x86_64.whl", hash = "sha256:2d457b31cc499622b3b2be00db7493d275aed0ab739bab8e520f1af0f81d5f19"},
    {file = "urwid-2.5.3-cp39-cp39-macosx_11_0_arm64.whl", hash = "sha256:c0e1397db95e8b70286a9d4e4561b9985effc5c21fd6d17c3a8edb9330f47a84"},
    {file = "urwid-2.5.3-cp39-cp39-manylinux_2_17_aarch64.manylinux2014_aarch64.whl", hash = "sha256:732c18362afc4423cd91122ac184f5c819a27955b848f2d7dde44887c31445c3"},
    {file = "urwid-2.5.3-cp39-cp39-manylinux_2_5_i686.manylinux1_i686.manylinux_2_17_i686.manylinux2014_i686.whl", hash = "sha256:f29f5edbe7539c64fa42b53c91d08e8beddb37863400d79d4c396696b948ccdb"},
    {file = "urwid-2.5.3-cp39-cp39-manylinux_2_5_x86_64.manylinux1_x86_64.manylinux_2_17_x86_64.manylinux2014_x86_64.whl", hash = "sha256:eee2a7d14844b0f122492a6aa92c9ddec5b4b37429ec6c4b815ead28733d60ef"},
    {file = "urwid-2.5.3-cp39-cp39-win32.whl", hash = "sha256:2c2de233101c1f8db90be00b549f69130b663ecd433f8b3ef4d64a06650f7717"},
    {file = "urwid-2.5.3-cp39-cp39-win_amd64.whl", hash = "sha256:ebe3f77d53ab3d9a0936a61ac585913e8c14e85edaab95cc75902222a92e3634"},
    {file = "urwid-2.5.3.tar.gz", hash = "sha256:9c9129a07027794d7250e3bcf2f64cbdf59a35d001d670b507f72c7c2e4bb3b5"},
]

[package.dependencies]
typing-extensions = "*"
wcwidth = "*"

[package.extras]
curses = ["windows-curses"]
glib = ["PyGObject"]
lcd = ["pyserial"]
serial = ["pyserial"]
tornado = ["tornado (>=5.0)"]
trio = ["exceptiongroup", "trio (>=0.22.0)"]
twisted = ["twisted"]
zmq = ["zmq"]

[[package]]
name = "wcwidth"
version = "0.2.13"
description = "Measures the displayed width of unicode strings in a terminal"
optional = false
python-versions = "*"
files = [
    {file = "wcwidth-0.2.13-py2.py3-none-any.whl", hash = "sha256:3da69048e4540d84af32131829ff948f1e022c1c6bdb8d6102117aac784f6859"},
    {file = "wcwidth-0.2.13.tar.gz", hash = "sha256:72ea0c06399eb286d978fdedb6923a9eb47e1c486ce63e9b4e64fc18303972b5"},
]

[metadata]
lock-version = "2.0"
python-versions = "^3.10"
content-hash = "2d5d25b9409728a081353a32be089a0a394916fe3d1a7b55ac1ad71a72aae1b9"
